
Microsoft Visual Studio Solution File, Format Version 12.00
# Visual Studio Version 16
VisualStudioVersion = 16.0.28803.202
MinimumVisualStudioVersion = 10.0.40219.1
Project("{8BC9CEB8-8B4A-11D0-8D11-00A0C91BC942}") = "IceCreamSandwich", "IceCreamSandwich.vcxproj", "{DC1C76B2-D91A-4B8A-B33D-8DC5780367EF}"
EndProject
Global
	GlobalSection(SolutionConfigurationPlatforms) = preSolution
		Debug|x64 = Debug|x64
		Debug|x86 = Debug|x86
		Release|x64 = Release|x64
		Release|x86 = Release|x86
	EndGlobalSection
	GlobalSection(ProjectConfigurationPlatforms) = postSolution
		{DC1C76B2-D91A-4B8A-B33D-8DC5780367EF}.Debug|x64.ActiveCfg = Debug|x64
		{DC1C76B2-D91A-4B8A-B33D-8DC5780367EF}.Debug|x64.Build.0 = Debug|x64
		{DC1C76B2-D91A-4B8A-B33D-8DC5780367EF}.Debug|x86.ActiveCfg = Debug|Win32
		{DC1C76B2-D91A-4B8A-B33D-8DC5780367EF}.Debug|x86.Build.0 = Debug|Win32
		{DC1C76B2-D91A-4B8A-B33D-8DC5780367EF}.Release|x64.ActiveCfg = Release|x64
		{DC1C76B2-D91A-4B8A-B33D-8DC5780367EF}.Release|x64.Build.0 = Release|x64
		{DC1C76B2-D91A-4B8A-B33D-8DC5780367EF}.Release|x86.ActiveCfg = Release|Win32
		{DC1C76B2-D91A-4B8A-B33D-8DC5780367EF}.Release|x86.Build.0 = Release|Win32
	EndGlobalSection
	GlobalSection(SolutionProperties) = preSolution
		HideSolutionNode = FALSE
	EndGlobalSection
	GlobalSection(ExtensibilityGlobals) = postSolution
		SolutionGuid = {E8CA3623-747D-4953-B516-CA244CBDAE0B}
	EndGlobalSection
EndGlobal
